{
  "lockfileVersion": 1,
  "configVersion": 0,
  "workspaces": {
    "": {
      "name": "msa",
      "dependencies": {
        "@vercel/analytics": "^1.5.0",
        "@vercel/speed-insights": "^1.2.0",
        "framer-motion": "^12.23.24",
        "lucide-react": "^0.553.0",
        "next": "16.0.3",
        "react": "19.2.0",
        "react-dom": "19.2.0",
      },
      "devDependencies": {
        "@biomejs/biome": "^2.3.5",
        "@tailwindcss/postcss": "^4",
        "@types/node": "^20",
        "@types/react": "^19",
        "@types/react-dom": "^19",
        "lightningcss": "^1.30.2",
        "tailwindcss": "^4",
        "typescript": "^5",
      },
      "optionalDependencies": {
        "@tailwindcss/oxide-linux-x64-gnu": "^4.1.17",
        "lightningcss-linux-x64-gnu": "^1.28.0",
      },
    },
  },
  "packages": {
    "@alloc/quick-lru": ["@alloc/quick-lru@5.2.0", "", {}, ""],

    "@biomejs/biome": ["@biomejs/biome@2.3.5", "", { "optionalDependencies": { "@biomejs/cli-darwin-arm64": "2.3.5" }, "bin": { "biome": "bin/biome" } }, ""],

    "@biomejs/cli-darwin-arm64": ["@biomejs/cli-darwin-arm64@2.3.5", "", { "os": "darwin", "cpu": "arm64" }, ""],

    "@img/colour": ["@img/colour@1.0.0", "", {}, ""],

    "@img/sharp-darwin-arm64": ["@img/sharp-darwin-arm64@0.34.5", "", { "optionalDependencies": { "@img/sharp-libvips-darwin-arm64": "1.2.4" }, "os": "darwin", "cpu": "arm64" }, ""],

    "@img/sharp-libvips-darwin-arm64": ["@img/sharp-libvips-darwin-arm64@1.2.4", "", { "os": "darwin", "cpu": "arm64" }, ""],

    "@jridgewell/gen-mapping": ["@jridgewell/gen-mapping@0.3.13", "", { "dependencies": { "@jridgewell/sourcemap-codec": "^1.5.0", "@jridgewell/trace-mapping": "^0.3.24" } }, ""],

    "@jridgewell/remapping": ["@jridgewell/remapping@2.3.5", "", { "dependencies": { "@jridgewell/gen-mapping": "^0.3.5", "@jridgewell/trace-mapping": "^0.3.24" } }, ""],

    "@jridgewell/resolve-uri": ["@jridgewell/resolve-uri@3.1.2", "", {}, ""],

    "@jridgewell/sourcemap-codec": ["@jridgewell/sourcemap-codec@1.5.5", "", {}, ""],

    "@jridgewell/trace-mapping": ["@jridgewell/trace-mapping@0.3.31", "", { "dependencies": { "@jridgewell/resolve-uri": "^3.1.0", "@jridgewell/sourcemap-codec": "^1.4.14" } }, ""],

    "@next/env": ["@next/env@16.0.3", "", {}, ""],

    "@next/swc-darwin-arm64": ["@next/swc-darwin-arm64@16.0.3", "", { "os": "darwin", "cpu": "arm64" }, ""],

    "@next/swc-darwin-x64": ["@next/swc-darwin-x64@16.0.3", "", { "os": "darwin", "cpu": "x64" }, "sha512-i70C4O1VmbTivYdRlk+5lj9xRc2BlK3oUikt3yJeHT1unL4LsNtN7UiOhVanFdc7vDAgZn1tV/9mQwMkWOJvHg=="],

    "@next/swc-linux-arm64-gnu": ["@next/swc-linux-arm64-gnu@16.0.3", "", { "os": "linux", "cpu": "arm64" }, "sha512-O88gCZ95sScwD00mn/AtalyCoykhhlokxH/wi1huFK+rmiP5LAYVs/i2ruk7xST6SuXN4NI5y4Xf5vepb2jf6A=="],

    "@next/swc-linux-arm64-musl": ["@next/swc-linux-arm64-musl@16.0.3", "", { "os": "linux", "cpu": "arm64" }, "sha512-CEErFt78S/zYXzFIiv18iQCbRbLgBluS8z1TNDQoyPi8/Jr5qhR3e8XHAIxVxPBjDbEMITprqELVc5KTfFj0gg=="],

    "@next/swc-linux-x64-gnu": ["@next/swc-linux-x64-gnu@16.0.3", "", { "os": "linux", "cpu": "x64" }, "sha512-Tc3i+nwt6mQ+Dwzcri/WNDj56iWdycGVh5YwwklleClzPzz7UpfaMw1ci7bLl6GRYMXhWDBfe707EXNjKtiswQ=="],

    "@next/swc-linux-x64-musl": ["@next/swc-linux-x64-musl@16.0.3", "", { "os": "linux", "cpu": "x64" }, "sha512-zTh03Z/5PBBPdTurgEtr6nY0vI9KR9Ifp/jZCcHlODzwVOEKcKRBtQIGrkc7izFgOMuXDEJBmirwpGqdM/ZixA=="],

    "@next/swc-win32-arm64-msvc": ["@next/swc-win32-arm64-msvc@16.0.3", "", { "os": "win32", "cpu": "arm64" }, "sha512-Jc1EHxtZovcJcg5zU43X3tuqzl/sS+CmLgjRP28ZT4vk869Ncm2NoF8qSTaL99gh6uOzgM99Shct06pSO6kA6g=="],

    "@next/swc-win32-x64-msvc": ["@next/swc-win32-x64-msvc@16.0.3", "", { "os": "win32", "cpu": "x64" }, "sha512-N7EJ6zbxgIYpI/sWNzpVKRMbfEGgsWuOIvzkML7wxAAZhPk1Msxuo/JDu1PKjWGrAoOLaZcIX5s+/pF5LIbBBg=="],

    "@swc/helpers": ["@swc/helpers@0.5.15", "", { "dependencies": { "tslib": "^2.8.0" } }, ""],

    "@tailwindcss/node": ["@tailwindcss/node@4.1.17", "", { "dependencies": { "@jridgewell/remapping": "^2.3.4", "enhanced-resolve": "^5.18.3", "jiti": "^2.6.1", "lightningcss": "1.30.2", "magic-string": "^0.30.21", "source-map-js": "^1.2.1", "tailwindcss": "4.1.17" } }, ""],

    "@tailwindcss/oxide": ["@tailwindcss/oxide@4.1.17", "", { "optionalDependencies": { "@tailwindcss/oxide-darwin-arm64": "4.1.17" } }, ""],

    "@tailwindcss/oxide-darwin-arm64": ["@tailwindcss/oxide-darwin-arm64@4.1.17", "", { "os": "darwin", "cpu": "arm64" }, ""],

    "@tailwindcss/oxide-linux-x64-gnu": ["@tailwindcss/oxide-linux-x64-gnu@4.1.17", "", { "os": "linux", "cpu": "x64" }, "sha512-M3XZuORCGB7VPOEDH+nzpJ21XPvK5PyjlkSFkFziNHGLc5d6g3di2McAAblmaSUNl8IOmzYwLx9NsE7bplNkwQ=="],

    "@tailwindcss/postcss": ["@tailwindcss/postcss@4.1.17", "", { "dependencies": { "@alloc/quick-lru": "^5.2.0", "@tailwindcss/node": "4.1.17", "@tailwindcss/oxide": "4.1.17", "postcss": "^8.4.41", "tailwindcss": "4.1.17" } }, ""],

    "@types/node": ["@types/node@20.19.25", "", { "dependencies": { "undici-types": "~6.21.0" } }, ""],

    "@types/react": ["@types/react@19.2.5", "", { "dependencies": { "csstype": "^3.0.2" } }, ""],

    "@types/react-dom": ["@types/react-dom@19.2.3", "", { "peerDependencies": { "@types/react": "^19.2.0" } }, ""],

    "@vercel/analytics": ["@vercel/analytics@1.5.0", "", { "peerDependencies": { "@remix-run/react": "^2", "@sveltejs/kit": "^1 || ^2", "next": ">= 13", "react": "^18 || ^19 || ^19.0.0-rc", "svelte": ">= 4", "vue": "^3", "vue-router": "^4" }, "optionalPeers": ["@remix-run/react", "@sveltejs/kit", "svelte", "vue", "vue-router"] }, ""],

    "@vercel/speed-insights": ["@vercel/speed-insights@1.2.0", "", { "peerDependencies": { "@sveltejs/kit": "^1 || ^2", "next": ">= 13", "react": "^18 || ^19 || ^19.0.0-rc", "svelte": ">= 4", "vue": "^3", "vue-router": "^4" }, "optionalPeers": ["@sveltejs/kit", "svelte", "vue", "vue-router"] }, ""],

    "caniuse-lite": ["caniuse-lite@1.0.30001754", "", {}, ""],

    "client-only": ["client-only@0.0.1", "", {}, ""],

    "csstype": ["csstype@3.2.1", "", {}, ""],

    "detect-libc": ["detect-libc@2.1.2", "", {}, ""],

    "enhanced-resolve": ["enhanced-resolve@5.18.3", "", { "dependencies": { "graceful-fs": "^4.2.4", "tapable": "^2.2.0" } }, ""],

    "framer-motion": ["framer-motion@12.23.24", "", { "dependencies": { "motion-dom": "^12.23.23", "motion-utils": "^12.23.6", "tslib": "^2.4.0" }, "peerDependencies": { "@emotion/is-prop-valid": "*", "react": "^18.0.0 || ^19.0.0", "react-dom": "^18.0.0 || ^19.0.0" }, "optionalPeers": ["@emotion/is-prop-valid"] }, "sha512-HMi5HRoRCTou+3fb3h9oTLyJGBxHfW+HnNE25tAXOvVx/IvwMHK0cx7IR4a2ZU6sh3IX1Z+4ts32PcYBOqka8w=="],

    "graceful-fs": ["graceful-fs@4.2.11", "", {}, ""],

    "jiti": ["jiti@2.6.1", "", { "bin": "lib/jiti-cli.mjs" }, ""],

    "lightningcss": ["lightningcss@1.30.2", "", { "dependencies": { "detect-libc": "^2.0.3" }, "optionalDependencies": { "lightningcss-darwin-arm64": "1.30.2" } }, ""],

    "lightningcss-darwin-arm64": ["lightningcss-darwin-arm64@1.30.2", "", { "os": "darwin", "cpu": "arm64" }, ""],

    "lightningcss-linux-x64-gnu": ["lightningcss-linux-x64-gnu@1.30.2", "", { "os": "linux", "cpu": "x64" }, "sha512-Cfd46gdmj1vQ+lR6VRTTadNHu6ALuw2pKR9lYq4FnhvgBc4zWY1EtZcAc6EffShbb1MFrIPfLDXD6Xprbnni4w=="],

    "lucide-react": ["lucide-react@0.553.0", "", { "peerDependencies": { "react": "^16.5.1 || ^17.0.0 || ^18.0.0 || ^19.0.0" } }, "sha512-BRgX5zrWmNy/lkVAe0dXBgd7XQdZ3HTf+Hwe3c9WK6dqgnj9h+hxV+MDncM88xDWlCq27+TKvHGE70ViODNILw=="],

    "magic-string": ["magic-string@0.30.21", "", { "dependencies": { "@jridgewell/sourcemap-codec": "^1.5.5" } }, ""],

    "motion-dom": ["motion-dom@12.23.23", "", { "dependencies": { "motion-utils": "^12.23.6" } }, "sha512-n5yolOs0TQQBRUFImrRfs/+6X4p3Q4n1dUEqt/H58Vx7OW6RF+foWEgmTVDhIWJIMXOuNNL0apKH2S16en9eiA=="],

    "motion-utils": ["motion-utils@12.23.6", "", {}, "sha512-eAWoPgr4eFEOFfg2WjIsMoqJTW6Z8MTUCgn/GZ3VRpClWBdnbjryiA3ZSNLyxCTmCQx4RmYX6jX1iWHbenUPNQ=="],

    "nanoid": ["nanoid@3.3.11", "", { "bin": "bin/nanoid.cjs" }, ""],

    "next": ["next@16.0.3", "", { "dependencies": { "@next/env": "16.0.3", "@swc/helpers": "0.5.15", "caniuse-lite": "^1.0.30001579", "postcss": "8.4.31", "styled-jsx": "5.1.6" }, "optionalDependencies": { "@next/swc-darwin-arm64": "16.0.3", "@next/swc-darwin-x64": "16.0.3", "@next/swc-linux-arm64-gnu": "16.0.3", "@next/swc-linux-arm64-musl": "16.0.3", "@next/swc-linux-x64-gnu": "16.0.3", "@next/swc-linux-x64-musl": "16.0.3", "@next/swc-win32-arm64-msvc": "16.0.3", "@next/swc-win32-x64-msvc": "16.0.3", "sharp": "^0.34.4" }, "peerDependencies": { "@opentelemetry/api": "^1.1.0", "@playwright/test": "^1.51.1", "babel-plugin-react-compiler": "*", "react": "^18.2.0 || 19.0.0-rc-de68d2f4-20241204 || ^19.0.0", "react-dom": "^18.2.0 || 19.0.0-rc-de68d2f4-20241204 || ^19.0.0", "sass": "^1.3.0" }, "optionalPeers": ["@opentelemetry/api", "@playwright/test", "babel-plugin-react-compiler", "sass"], "bin": "dist/bin/next" }, ""],

    "picocolors": ["picocolors@1.1.1", "", {}, ""],

    "postcss": ["postcss@8.5.6", "", { "dependencies": { "nanoid": "^3.3.11", "picocolors": "^1.1.1", "source-map-js": "^1.2.1" } }, ""],

    "react": ["react@19.2.0", "", {}, ""],

    "react-dom": ["react-dom@19.2.0", "", { "dependencies": { "scheduler": "^0.27.0" }, "peerDependencies": { "react": "^19.2.0" } }, ""],

    "scheduler": ["scheduler@0.27.0", "", {}, ""],

    "semver": ["semver@7.7.3", "", { "bin": "bin/semver.js" }, ""],

    "sharp": ["sharp@0.34.5", "", { "dependencies": { "@img/colour": "^1.0.0", "detect-libc": "^2.1.2", "semver": "^7.7.3" }, "optionalDependencies": { "@img/sharp-darwin-arm64": "0.34.5", "@img/sharp-libvips-darwin-arm64": "1.2.4" } }, ""],

    "source-map-js": ["source-map-js@1.2.1", "", {}, ""],

    "styled-jsx": ["styled-jsx@5.1.6", "", { "dependencies": { "client-only": "0.0.1" }, "peerDependencies": { "react": ">= 16.8.0 || 17.x.x || ^18.0.0-0 || ^19.0.0-0" } }, ""],

    "tailwindcss": ["tailwindcss@4.1.17", "", {}, ""],

    "tapable": ["tapable@2.3.0", "", {}, ""],

    "tslib": ["tslib@2.8.1", "", {}, ""],

    "typescript": ["typescript@5.9.3", "", { "bin": { "tsc": "bin/tsc", "tsserver": "bin/tsserver" } }, "sha512-jl1vZzPDinLr9eUt3J/t7V6FgNEw9QjvBPdysz9KfQDD41fQrC2Y4vKQdiaUpFT4bXlb1RHhLpp8wtm6M5TgSw=="],

    "undici-types": ["undici-types@6.21.0", "", {}, ""],

    "next/postcss": ["postcss@8.4.31", "", { "dependencies": { "nanoid": "^3.3.6", "picocolors": "^1.0.0", "source-map-js": "^1.0.2" } }, ""],
  }
}
